
Microsoft Visual Studio Solution File, Format Version 12.00
# Visual Studio Version 16
VisualStudioVersion = 16.0.31911.196
MinimumVisualStudioVersion = 10.0.40219.1
Project("{FAE04EC0-301F-11D3-BF4B-00C04F79EFBC}") = "Functions1", "Functions1.csproj", "{C798E884-3E4F-4C6C-9062-3C3C1C511186}"
EndProject
Global
	GlobalSection(SolutionConfigurationPlatforms) = preSolution
		Debug|Any CPU = Debug|Any CPU
		Release|Any CPU = Release|Any CPU
	EndGlobalSection
	GlobalSection(ProjectConfigurationPlatforms) = postSolution
		{C798E884-3E4F-4C6C-9062-3C3C1C511186}.Debug|Any CPU.ActiveCfg = Debug|Any CPU
		{C798E884-3E4F-4C6C-9062-3C3C1C511186}.Debug|Any CPU.Build.0 = Debug|Any CPU
		{C798E884-3E4F-4C6C-9062-3C3C1C511186}.Release|Any CPU.ActiveCfg = Release|Any CPU
		{C798E884-3E4F-4C6C-9062-3C3C1C511186}.Release|Any CPU.Build.0 = Release|Any CPU
	EndGlobalSection
	GlobalSection(SolutionProperties) = preSolution
		HideSolutionNode = FALSE
	EndGlobalSection
	GlobalSection(ExtensibilityGlobals) = postSolution
		SolutionGuid = {FDC64F03-3029-48AB-831A-EEE8AB9D8F28}
	EndGlobalSection
EndGlobal
